
Microsoft Visual Studio Solution File, Format Version 12.00
# Visual Studio Version 17
VisualStudioVersion = 17.5.33627.172
MinimumVisualStudioVersion = 10.0.40219.1
Project("{2150E333-8FDC-42A3-9474-1A3956D46DE8}") = "tools", "tools", "{F595AD49-0FCB-4252-8FB3-8AD99606D28D}"
EndProject
Project("{9A19103F-16F7-4668-BE54-9A1E7A4F7556}") = "TorunLive.SIPTimetableScanner", "tools\TorunLive.SIPTimetableScanner\TorunLive.SIPTimetableScanner.csproj", "{282414C1-B49E-4C2C-B3DC-62E7DDB5FA67}"
EndProject
Project("{2150E333-8FDC-42A3-9474-1A3956D46DE8}") = "tests", "tests", "{088D53CF-875A-4189-872A-C74CBEE07805}"
EndProject
Project("{9A19103F-16F7-4668-BE54-9A1E7A4F7556}") = "TorunLive.Application.Tests", "tests\TorunLive.Application.Tests\TorunLive.Application.Tests.csproj", "{200A252C-555F-41D7-94C2-A9F76EF0216E}"
EndProject
Project("{2150E333-8FDC-42A3-9474-1A3956D46DE8}") = "src", "src", "{3ADE245F-AA5C-4385-AB80-D70089B4259B}"
EndProject
Project("{9A19103F-16F7-4668-BE54-9A1E7A4F7556}") = "TorunLive.Application", "src\TorunLive.Application\TorunLive.Application.csproj", "{06B8F59C-01C9-4870-A5BE-4EE7C3DF477C}"
EndProject
Project("{9A19103F-16F7-4668-BE54-9A1E7A4F7556}") = "TorunLive.Domain", "src\TorunLive.Domain\TorunLive.Domain.csproj", "{B7CD7D9F-3005-4A7A-970F-FF105C810862}"
EndProject
Project("{9A19103F-16F7-4668-BE54-9A1E7A4F7556}") = "TorunLive.SIPStopScanner", "tools\TorunLive.SIPStopScanner\TorunLive.SIPStopScanner.csproj", "{8ED898CB-8846-4FDF-B785-03B9BDB57D17}"
EndProject
Project("{9A19103F-16F7-4668-BE54-9A1E7A4F7556}") = "ConsoleDemo", "tools\ConsoleDemo\ConsoleDemo.csproj", "{3DAD9A03-34E1-43AF-B294-0B586626EEF9}"
EndProject
Project("{9A19103F-16F7-4668-BE54-9A1E7A4F7556}") = "TorunLive.WebApi", "src\TorunLive.WebApi\TorunLive.WebApi.csproj", "{7C39252E-5342-425E-B7E1-9D1371569032}"
EndProject
Project("{9A19103F-16F7-4668-BE54-9A1E7A4F7556}") = "TorunLive.Persistance", "src\TorunLive.Persistance\TorunLive.Persistance.csproj", "{5921B6AE-A78E-44CC-A7BB-B8B5C3501D3D}"
EndProject
Project("{9A19103F-16F7-4668-BE54-9A1E7A4F7556}") = "TorunLive.Tools.SIPTimetableScannerTests", "tests\TorunLive.Tools.SIPTimetableScannerTests\TorunLive.Tools.SIPTimetableScannerTests.csproj", "{11F59698-305F-4507-B31E-AEF0AA303F7F}"
EndProject
Project("{FAE04EC0-301F-11D3-BF4B-00C04F79EFBC}") = "TorunLive.Common", "src\TorunLive.Common\TorunLive.Common.csproj", "{0303D0C9-F137-4679-8A1F-4530635B05DE}"
EndProject
Global
	GlobalSection(SolutionConfigurationPlatforms) = preSolution
		Debug|Any CPU = Debug|Any CPU
		Release|Any CPU = Release|Any CPU
	EndGlobalSection
	GlobalSection(ProjectConfigurationPlatforms) = postSolution
		{282414C1-B49E-4C2C-B3DC-62E7DDB5FA67}.Debug|Any CPU.ActiveCfg = Debug|Any CPU
		{282414C1-B49E-4C2C-B3DC-62E7DDB5FA67}.Debug|Any CPU.Build.0 = Debug|Any CPU
		{282414C1-B49E-4C2C-B3DC-62E7DDB5FA67}.Release|Any CPU.ActiveCfg = Release|Any CPU
		{282414C1-B49E-4C2C-B3DC-62E7DDB5FA67}.Release|Any CPU.Build.0 = Release|Any CPU
		{200A252C-555F-41D7-94C2-A9F76EF0216E}.Debug|Any CPU.ActiveCfg = Debug|Any CPU
		{200A252C-555F-41D7-94C2-A9F76EF0216E}.Debug|Any CPU.Build.0 = Debug|Any CPU
		{200A252C-555F-41D7-94C2-A9F76EF0216E}.Release|Any CPU.ActiveCfg = Release|Any CPU
		{200A252C-555F-41D7-94C2-A9F76EF0216E}.Release|Any CPU.Build.0 = Release|Any CPU
		{06B8F59C-01C9-4870-A5BE-4EE7C3DF477C}.Debug|Any CPU.ActiveCfg = Debug|Any CPU
		{06B8F59C-01C9-4870-A5BE-4EE7C3DF477C}.Debug|Any CPU.Build.0 = Debug|Any CPU
		{06B8F59C-01C9-4870-A5BE-4EE7C3DF477C}.Release|Any CPU.ActiveCfg = Release|Any CPU
		{06B8F59C-01C9-4870-A5BE-4EE7C3DF477C}.Release|Any CPU.Build.0 = Release|Any CPU
		{B7CD7D9F-3005-4A7A-970F-FF105C810862}.Debug|Any CPU.ActiveCfg = Debug|Any CPU
		{B7CD7D9F-3005-4A7A-970F-FF105C810862}.Debug|Any CPU.Build.0 = Debug|Any CPU
		{B7CD7D9F-3005-4A7A-970F-FF105C810862}.Release|Any CPU.ActiveCfg = Release|Any CPU
		{B7CD7D9F-3005-4A7A-970F-FF105C810862}.Release|Any CPU.Build.0 = Release|Any CPU
		{8ED898CB-8846-4FDF-B785-03B9BDB57D17}.Debug|Any CPU.ActiveCfg = Debug|Any CPU
		{8ED898CB-8846-4FDF-B785-03B9BDB57D17}.Debug|Any CPU.Build.0 = Debug|Any CPU
		{8ED898CB-8846-4FDF-B785-03B9BDB57D17}.Release|Any CPU.ActiveCfg = Release|Any CPU
		{8ED898CB-8846-4FDF-B785-03B9BDB57D17}.Release|Any CPU.Build.0 = Release|Any CPU
		{3DAD9A03-34E1-43AF-B294-0B586626EEF9}.Debug|Any CPU.ActiveCfg = Debug|Any CPU
		{3DAD9A03-34E1-43AF-B294-0B586626EEF9}.Debug|Any CPU.Build.0 = Debug|Any CPU
		{3DAD9A03-34E1-43AF-B294-0B586626EEF9}.Release|Any CPU.ActiveCfg = Release|Any CPU
		{3DAD9A03-34E1-43AF-B294-0B586626EEF9}.Release|Any CPU.Build.0 = Release|Any CPU
		{7C39252E-5342-425E-B7E1-9D1371569032}.Debug|Any CPU.ActiveCfg = Debug|Any CPU
		{7C39252E-5342-425E-B7E1-9D1371569032}.Debug|Any CPU.Build.0 = Debug|Any CPU
		{7C39252E-5342-425E-B7E1-9D1371569032}.Release|Any CPU.ActiveCfg = Release|Any CPU
		{7C39252E-5342-425E-B7E1-9D1371569032}.Release|Any CPU.Build.0 = Release|Any CPU
		{5921B6AE-A78E-44CC-A7BB-B8B5C3501D3D}.Debug|Any CPU.ActiveCfg = Debug|Any CPU
		{5921B6AE-A78E-44CC-A7BB-B8B5C3501D3D}.Debug|Any CPU.Build.0 = Debug|Any CPU
		{5921B6AE-A78E-44CC-A7BB-B8B5C3501D3D}.Release|Any CPU.ActiveCfg = Release|Any CPU
		{5921B6AE-A78E-44CC-A7BB-B8B5C3501D3D}.Release|Any CPU.Build.0 = Release|Any CPU
		{11F59698-305F-4507-B31E-AEF0AA303F7F}.Debug|Any CPU.ActiveCfg = Debug|Any CPU
		{11F59698-305F-4507-B31E-AEF0AA303F7F}.Debug|Any CPU.Build.0 = Debug|Any CPU
		{11F59698-305F-4507-B31E-AEF0AA303F7F}.Release|Any CPU.ActiveCfg = Release|Any CPU
		{11F59698-305F-4507-B31E-AEF0AA303F7F}.Release|Any CPU.Build.0 = Release|Any CPU
		{0303D0C9-F137-4679-8A1F-4530635B05DE}.Debug|Any CPU.ActiveCfg = Debug|Any CPU
		{0303D0C9-F137-4679-8A1F-4530635B05DE}.Debug|Any CPU.Build.0 = Debug|Any CPU
		{0303D0C9-F137-4679-8A1F-4530635B05DE}.Release|Any CPU.ActiveCfg = Release|Any CPU
		{0303D0C9-F137-4679-8A1F-4530635B05DE}.Release|Any CPU.Build.0 = Release|Any CPU
	EndGlobalSection
	GlobalSection(SolutionProperties) = preSolution
		HideSolutionNode = FALSE
	EndGlobalSection
	GlobalSection(NestedProjects) = preSolution
		{282414C1-B49E-4C2C-B3DC-62E7DDB5FA67} = {F595AD49-0FCB-4252-8FB3-8AD99606D28D}
		{200A252C-555F-41D7-94C2-A9F76EF0216E} = {088D53CF-875A-4189-872A-C74CBEE07805}
		{06B8F59C-01C9-4870-A5BE-4EE7C3DF477C} = {3ADE245F-AA5C-4385-AB80-D70089B4259B}
		{B7CD7D9F-3005-4A7A-970F-FF105C810862} = {3ADE245F-AA5C-4385-AB80-D70089B4259B}
		{8ED898CB-8846-4FDF-B785-03B9BDB57D17} = {F595AD49-0FCB-4252-8FB3-8AD99606D28D}
		{3DAD9A03-34E1-43AF-B294-0B586626EEF9} = {F595AD49-0FCB-4252-8FB3-8AD99606D28D}
		{7C39252E-5342-425E-B7E1-9D1371569032} = {3ADE245F-AA5C-4385-AB80-D70089B4259B}
		{5921B6AE-A78E-44CC-A7BB-B8B5C3501D3D} = {3ADE245F-AA5C-4385-AB80-D70089B4259B}
		{11F59698-305F-4507-B31E-AEF0AA303F7F} = {088D53CF-875A-4189-872A-C74CBEE07805}
		{0303D0C9-F137-4679-8A1F-4530635B05DE} = {3ADE245F-AA5C-4385-AB80-D70089B4259B}
	EndGlobalSection
	GlobalSection(ExtensibilityGlobals) = postSolution
		SolutionGuid = {93B5D77C-55A8-4FD3-B02E-A7782C8367E5}
	EndGlobalSection
EndGlobal
